PODS:
  - BlocksKit/DynamicDelegate (2.2.5)
  - Emitter (0.0.9):
    - BlocksKit/DynamicDelegate
  - GCDTimer (1.1.0)
  - libextobjc/EXTScope (0.4.1):
    - libextobjc/RuntimeExtensions
  - libextobjc/RuntimeExtensions (0.4.1)
  - libjingle_peerconnection (10842.2.3)
  - Primus (0.0.7):
    - Emitter
    - GCDTimer
    - libextobjc/EXTScope
    - Reachability
  - Reachability (3.2)
  - SocketRocket (0.4.2)

DEPENDENCIES:
  - libjingle_peerconnection (= 10842.2.3)
  - Primus (from `git@github.com:cine-io/primus-objc.git`, commit `8f63ae63d7f974655a5b22a5ee967e2b54050ba5`)
  - SocketRocket (= 0.4.2)

EXTERNAL SOURCES:
  Primus:
    :commit: 8f63ae63d7f974655a5b22a5ee967e2b54050ba5
    :git: git@github.com:cine-io/primus-objc.git

CHECKOUT OPTIONS:
  Primus:
    :commit: 8f63ae63d7f974655a5b22a5ee967e2b54050ba5
    :git: git@github.com:cine-io/primus-objc.git

SPEC CHECKSUMS:
  BlocksKit: 7f422b971407001178d181a43b99014ea2591fe6
  Emitter: cf50bf44fc8817535018fbd6c4fd576b87803e78
  GCDTimer: 5837a5d70a464f86cbc9c56d75efc68f7e7c2fb8
  libextobjc: a650fc1bf489a3d3a9bc2e621efa3e1006fc5471
  libjingle_peerconnection: 25b82d1d8de852367c9fd15b9699e547451e71b1
  Primus: 72208c6434bbe96c7791b4218e34830cb1b2e058
  Reachability: 33e18b67625424e47b6cde6d202dce689ad7af96
  SocketRocket: ffe08119b00ef982f6c37052a4705a057c8494ad

COCOAPODS: 0.39.0
